
Microsoft Visual Studio Solution File, Format Version 12.00
# Visual Studio Version 17
VisualStudioVersion = 17.5.33414.496
MinimumVisualStudioVersion = 10.0.40219.1
Project("{8BC9CEB8-8B4A-11D0-8D11-00A0C91BC942}") = "PrezicerePretActiuni", "PrezicerePretActiuni\PrezicerePretActiuni.vcxproj", "{4B97F433-4179-4341-AB75-ED2560F39ECB}"
EndProject
Project("{FAE04EC0-301F-11D3-BF4B-00C04F79EFBC}") = "WinFormsGui", "WinFormsGui\WinFormsGui.csproj", "{ED89AE94-85F3-4ABF-92D7-3CA649268101}"
EndProject
Global
	GlobalSection(SolutionConfigurationPlatforms) = preSolution
		Debug|Any CPU = Debug|Any CPU
		Debug|x64 = Debug|x64
		Debug|x86 = Debug|x86
		Release|Any CPU = Release|Any CPU
		Release|x64 = Release|x64
		Release|x86 = Release|x86
	EndGlobalSection
	GlobalSection(ProjectConfigurationPlatforms) = postSolution
		{4B97F433-4179-4341-AB75-ED2560F39ECB}.Debug|Any CPU.ActiveCfg = Debug|x64
		{4B97F433-4179-4341-AB75-ED2560F39ECB}.Debug|Any CPU.Build.0 = Debug|x64
		{4B97F433-4179-4341-AB75-ED2560F39ECB}.Debug|x64.ActiveCfg = Debug|x64
		{4B97F433-4179-4341-AB75-ED2560F39ECB}.Debug|x64.Build.0 = Debug|x64
		{4B97F433-4179-4341-AB75-ED2560F39ECB}.Debug|x86.ActiveCfg = Debug|Win32
		{4B97F433-4179-4341-AB75-ED2560F39ECB}.Debug|x86.Build.0 = Debug|Win32
		{4B97F433-4179-4341-AB75-ED2560F39ECB}.Release|Any CPU.ActiveCfg = Release|x64
		{4B97F433-4179-4341-AB75-ED2560F39ECB}.Release|Any CPU.Build.0 = Release|x64
		{4B97F433-4179-4341-AB75-ED2560F39ECB}.Release|x64.ActiveCfg = Release|x64
		{4B97F433-4179-4341-AB75-ED2560F39ECB}.Release|x64.Build.0 = Release|x64
		{4B97F433-4179-4341-AB75-ED2560F39ECB}.Release|x86.ActiveCfg = Release|Win32
		{4B97F433-4179-4341-AB75-ED2560F39ECB}.Release|x86.Build.0 = Release|Win32
		{ED89AE94-85F3-4ABF-92D7-3CA649268101}.Debug|Any CPU.ActiveCfg = Debug|Any CPU
		{ED89AE94-85F3-4ABF-92D7-3CA649268101}.Debug|Any CPU.Build.0 = Debug|Any CPU
		{ED89AE94-85F3-4ABF-92D7-3CA649268101}.Debug|x64.ActiveCfg = Debug|Any CPU
		{ED89AE94-85F3-4ABF-92D7-3CA649268101}.Debug|x64.Build.0 = Debug|Any CPU
		{ED89AE94-85F3-4ABF-92D7-3CA649268101}.Debug|x86.ActiveCfg = Debug|Any CPU
		{ED89AE94-85F3-4ABF-92D7-3CA649268101}.Debug|x86.Build.0 = Debug|Any CPU
		{ED89AE94-85F3-4ABF-92D7-3CA649268101}.Release|Any CPU.ActiveCfg = Release|Any CPU
		{ED89AE94-85F3-4ABF-92D7-3CA649268101}.Release|Any CPU.Build.0 = Release|Any CPU
		{ED89AE94-85F3-4ABF-92D7-3CA649268101}.Release|x64.ActiveCfg = Release|Any CPU
		{ED89AE94-85F3-4ABF-92D7-3CA649268101}.Release|x64.Build.0 = Release|Any CPU
		{ED89AE94-85F3-4ABF-92D7-3CA649268101}.Release|x86.ActiveCfg = Release|Any CPU
		{ED89AE94-85F3-4ABF-92D7-3CA649268101}.Release|x86.Build.0 = Release|Any CPU
	EndGlobalSection
	GlobalSection(SolutionProperties) = preSolution
		HideSolutionNode = FALSE
	EndGlobalSection
	GlobalSection(ExtensibilityGlobals) = postSolution
		SolutionGuid = {433E3383-94BA-45E6-8A8B-B1B24D43CDF5}
	EndGlobalSection
EndGlobal
